// !$*UTF8*$!
{
	archiveVersion = 1;
	classes = {
	};
	objectVersion = 50;
	objects = {

/* Begin PBXBuildFile section */
		EA58F0DD212C0A2000D3C8E8 /* AppDelegate.swift in Sources */ = {isa = PBXBuildFile; fileRef = EA58F0DC212C0A2000D3C8E8 /* AppDelegate.swift */; };
		EA58F0DF212C0A2000D3C8E8 /* ViewController.swift in Sources */ = {isa = PBXBuildFile; fileRef = EA58F0DE212C0A2000D3C8E8 /* ViewController.swift */; };
		EA58F0E2212C0A2000D3C8E8 /* Main.storyboard in Resources */ = {isa = PBXBuildFile; fileRef = EA58F0E0212C0A2000D3C8E8 /* Main.storyboard */; };
		EA58F0E4212C0A2200D3C8E8 /* Assets.xcassets in Resources */ = {isa = PBXBuildFile; fileRef = EA58F0E3212C0A2200D3C8E8 /* Assets.xcassets */; };
		EA58F0E7212C0A2200D3C8E8 /* LaunchScreen.storyboard in Resources */ = {isa = PBXBuildFile; fileRef = EA58F0E5212C0A2200D3C8E8 /* LaunchScreen.storyboard */; };
		EA58F0EF212C0A7F00D3C8E8 /* AnimationsViewController.swift in Sources */ = {isa = PBXBuildFile; fileRef = EA58F0EE212C0A7F00D3C8E8 /* AnimationsViewController.swift */; };
/* End PBXBuildFile section */

/* Begin PBXFileReference section */
		EA58F0D9212C0A2000D3C8E8 /* SwiftAnimations.app */ = {isa = PBXFileReference; explicitFileType = wrapper.application; includeInIndex = 0; path = SwiftAnimations.app; sourceTree = BUILT_PRODUCTS_DIR; };
		EA58F0DC212C0A2000D3C8E8 /* AppDelegate.swift */ = {isa = PBXFileReference; lastKnownFileType = sourcecode.swift; path = AppDelegate.swift; sourceTree = "<group>"; };
		EA58F0DE212C0A2000D3C8E8 /* ViewController.swift */ = {isa = PBXFileReference; lastKnownFileType = sourcecode.swift; path = ViewController.swift; sourceTree = "<group>"; };
		EA58F0E1212C0A2000D3C8E8 /* Base */ = {isa = PBXFileReference; lastKnownFileType = file.storyboard; name = Base; path = Base.lproj/Main.storyboard; sourceTree = "<group>"; };
		EA58F0E3212C0A2200D3C8E8 /* Assets.xcassets */ = {isa = PBXFileReference; lastKnownFileType = folder.assetcatalog; path = Assets.xcassets; sourceTree = "<group>"; };
		EA58F0E6212C0A2200D3C8E8 /* Base */ = {isa = PBXFileReference; lastKnownFileType = file.storyboard; name = Base; path = Base.lproj/LaunchScreen.storyboard; sourceTree = "<group>"; };
		EA58F0E8212C0A2200D3C8E8 /* Info.plist */ = {isa = PBXFileReference; lastKnownFileType = text.plist.xml; path = Info.plist; sourceTree = "<group>"; };
		EA58F0EE212C0A7F00D3C8E8 /* AnimationsViewController.swift */ = {isa = PBXFileReference; fileEncoding = 4; lastKnownFileType = sourcecode.swift; path = AnimationsViewController.swift; sourceTree = "<group>"; };
/* End PBXFileReference section */

/* Begin PBXFrameworksBuildPhase section */
		EA58F0D6212C0A2000D3C8E8 /* Frameworks */ = {
			isa = PBXFrameworksBuildPhase;
			buildActionMask = 2147483647;
			files = (
			);
			runOnlyForDeploymentPostprocessing = 0;
		};
/* End PBXFrameworksBuildPhase section */

/* Begin PBXGroup section */
		EA58F0D0212C0A2000D3C8E8 = {
			isa = PBXGroup;
			children = (
				EA58F0DB212C0A2000D3C8E8 /* SwiftAnimations */,
				EA58F0DA212C0A2000D3C8E8 /* Products */,
			);
			sourceTree = "<group>";
		};
		EA58F0DA212C0A2000D3C8E8 /* Products */ = {
			isa = PBXGroup;
			children = (
				EA58F0D9212C0A2000D3C8E8 /* SwiftAnimations.app */,
			);
			name = Products;
			sourceTree = "<group>";
		};
		EA58F0DB212C0A2000D3C8E8 /* SwiftAnimations */ = {
			isa = PBXGroup;
			children = (
				EA58F0EE212C0A7F00D3C8E8 /* AnimationsViewController.swift */,
				EA58F0DC212C0A2000D3C8E8 /* AppDelegate.swift */,
				EA58F0DE212C0A2000D3C8E8 /* ViewController.swift */,
				EA58F0E0212C0A2000D3C8E8 /* Main.storyboard */,
				EA58F0E3212C0A2200D3C8E8 /* Assets.xcassets */,
				EA58F0E5212C0A2200D3C8E8 /* LaunchScreen.storyboard */,
				EA58F0E8212C0A2200D3C8E8 /* Info.plist */,
			);
			path = SwiftAnimations;
			sourceTree = "<group>";
		};
/* End PBXGroup section */

/* Begin PBXNativeTarget section */
		EA58F0D8212C0A2000D3C8E8 /* SwiftAnimations */ = {
			isa = PBXNativeTarget;
			buildConfigurationList = EA58F0EB212C0A2200D3C8E8 /* Build configuration list for PBXNativeTarget "SwiftAnimations" */;
			buildPhases = (
				EA58F0D5212C0A2000D3C8E8 /* Sources */,
				EA58F0D6212C0A2000D3C8E8 /* Frameworks */,
				EA58F0D7212C0A2000D3C8E8 /* Resources */,
				EA58F0F0212C30E800D3C8E8 /* ShellScript */,
			);
			buildRules = (
			);
			dependencies = (
			);
			name = SwiftAnimations;
			productName = SwiftAnimations;
			productReference = EA58F0D9212C0A2000D3C8E8 /* SwiftAnimations.app */;
			productType = "com.apple.product-type.application";
		};
/* End PBXNativeTarget section */

/* Begin PBXProject section */
		EA58F0D1212C0A2000D3C8E8 /* Project object */ = {
			isa = PBXProject;
			attributes = {
				LastSwiftUpdateCheck = 0940;
				LastUpgradeCheck = 0940;
				ORGANIZATIONNAME = "anoop mohanan";
				TargetAttributes = {
					EA58F0D8212C0A2000D3C8E8 = {
						CreatedOnToolsVersion = 9.4;
					};
				};
			};
			buildConfigurationList = EA58F0D4212C0A2000D3C8E8 /* Build configuration list for PBXProject "SwiftAnimations" */;
			compatibilityVersion = "Xcode 9.3";
			developmentRegion = en;
			hasScannedForEncodings = 0;
			knownRegions = (
				en,
				Base,
			);
			mainGroup = EA58F0D0212C0A2000D3C8E8;
			productRefGroup = EA58F0DA212C0A2000D3C8E8 /* Products */;
			projectDirPath = "";
			projectRoot = "";
			targets = (
				EA58F0D8212C0A2000D3C8E8 /* SwiftAnimations */,
			);
		};
/* End PBXProject section */

/* Begin PBXResourcesBuildPhase section */
		EA58F0D7212C0A2000D3C8E8 /* Resources */ = {
			isa = PBXResourcesBuildPhase;
			buildActionMask = 2147483647;
			files = (
				EA58F0E7212C0A2200D3C8E8 /* LaunchScreen.storyboard in Resources */,
				EA58F0E4212C0A2200D3C8E8 /* Assets.xcassets in Resources */,
				EA58F0E2212C0A2000D3C8E8 /* Main.storyboard in Resources */,
			);
			runOnlyForDeploymentPostprocessing = 0;
		};
/* End PBXResourcesBuildPhase section */

/* Begin PBXShellScriptBuildPhase section */
		EA58F0F0212C30E800D3C8E8 /* ShellScript */ = {
			isa = PBXShellScriptBuildPhase;
			buildActionMask = 2147483647;
			files = (
			);
			inputPaths = (
			);
			outputPaths = (
			);
			runOnlyForDeploymentPostprocessing = 0;
			shellPath = /bin/sh;
			shellScript = "";
		};
/* End PBXShellScriptBuildPhase section */

/* Begin PBXSourcesBuildPhase section */
		EA58F0D5212C0A2000D3C8E8 /* Sources */ = {
			isa = PBXSourcesBuildPhase;
			buildActionMask = 2147483647;
			files = (
				EA58F0EF212C0A7F00D3C8E8 /* AnimationsViewController.swift in Sources */,
				EA58F0DF212C0A2000D3C8E8 /* ViewController.swift in Sources */,
				EA58F0DD212C0A2000D3C8E8 /* AppDelegate.swift in Sources */,
			);
			runOnlyForDeploymentPostprocessing = 0;
		};
/* End PBXSourcesBuildPhase section */

/* Begin PBXVariantGroup section */
		EA58F0E0212C0A2000D3C8E8 /* Main.storyboard */ = {
			isa = PBXVariantGroup;
			children = (
				EA58F0E1212C0A2000D3C8E8 /* Base */,
			);
			name = Main.storyboard;
			sourceTree = "<group>";
		};
		EA58F0E5212C0A2200D3C8E8 /* LaunchScreen.storyboard */ = {
			isa = PBXVariantGroup;
			children = (
				EA58F0E6212C0A2200D3C8E8 /* Base */,
			);
			name = LaunchScreen.storyboard;
			sourceTree = "<group>";
		};
/* End PBXVariantGroup section */

/* Begin XCBuildConfiguration section */
		EA58F0E9212C0A2200D3C8E8 /* Debug */ = {
			isa = XCBuildConfiguration;
			buildSettings = {
				ALWAYS_SEARCH_USER_PATHS = NO;
				CLANG_ANALYZER_NONNULL = YES;
				CLANG_ANALYZER_NUMBER_OBJECT_CONVERSION = YES_AGGRESSIVE;
				CLANG_CXX_LANGUAGE_STANDARD = "gnu++14";
				CLANG_CXX_LIBRARY = "libc++";
				CLANG_ENABLE_MODULES = YES;
				CLANG_ENABLE_OBJC_ARC = YES;
				CLANG_ENABLE_OBJC_WEAK = YES;
				CLANG_WARN_BLOCK_CAPTURE_AUTORELEASING = YES;
				CLANG_WARN_BOOL_CONVERSION = YES;
				CLANG_WARN_COMMA = YES;
				CLANG_WARN_CONSTANT_CONVERSION = YES;
				CLANG_WARN_DEPRECATED_OBJC_IMPLEMENTATIONS = YES;
				CLANG_WARN_DIRECT_OBJC_ISA_USAGE = YES_ERROR;
				CLANG_WARN_DOCUMENTATION_COMMENTS = YES;
				CLANG_WARN_EMPTY_BODY = YES;
				CLANG_WARN_ENUM_CONVERSION = YES;
				CLANG_WARN_INFINITE_RECURSION = YES;
				CLANG_WARN_INT_CONVERSION = YES;
				CLANG_WARN_NON_LITERAL_NULL_CONVERSION = YES;
				CLANG_WARN_OBJC_IMPLICIT_RETAIN_SELF = YES;
				CLANG_WARN_OBJC_LITERAL_CONVERSION = YES;
				CLANG_WARN_OBJC_ROOT_CLASS = YES_ERROR;
				CLANG_WARN_RANGE_LOOP_ANALYSIS = YES;
				CLANG_WARN_STRICT_PROTOTYPES = YES;
				CLANG_WARN_SUSPICIOUS_MOVE = YES;
				CLANG_WARN_UNGUARDED_AVAILABILITY = YES_AGGRESSIVE;
				CLANG_WARN_UNREACHABLE_CODE = YES;
				CLANG_WARN__DUPLICATE_METHOD_MATCH = YES;
				CODE_SIGN_IDENTITY = "iPhone Developer";
				COPY_PHASE_STRIP = NO;
				DEBUG_INFORMATION_FORMAT = dwarf;
				ENABLE_STRICT_OBJC_MSGSEND = YES;
				ENABLE_TESTABILITY = YES;
				GCC_C_LANGUAGE_STANDARD = gnu11;
				GCC_DYNAMIC_NO_PIC = NO;
				GCC_NO_COMMON_BLOCKS = YES;
				GCC_OPTIMIZATION_LEVEL = 0;
				GCC_PREPROCESSOR_DEFINITIONS = (
					"DEBUG=1",
					"$(inherited)",
				);
				GCC_WARN_64_TO_32_BIT_CONVERSION = YES;
				GCC_WARN_ABOUT_RETURN_TYPE = YES_ERROR;
				GCC_WARN_UNDECLARED_SELECTOR = YES;
				GCC_WARN_UNINITIALIZED_AUTOS = YES_AGGRESSIVE;
				GCC_WARN_UNUSED_FUNCTION = YES;
				GCC_WARN_UNUSED_VARIABLE = YES;
				IPHONEOS_DEPLOYMENT_TARGET = 11.4;
				MTL_ENABLE_DEBUG_INFO = YES;
				ONLY_ACTIVE_ARCH = YES;
				SDKROOT = iphoneos;
				SWIFT_ACTIVE_COMPILATION_CONDITIONS = DEBUG;
				SWIFT_OPTIMIZATION_LEVEL = "-Onone";
			};
			name = Debug;
		};
		EA58F0EA212C0A2200D3C8E8 /* Release */ = {
			isa = XCBuildConfiguration;
			buildSettings = {
				ALWAYS_SEARCH_USER_PATHS = NO;
				CLANG_ANALYZER_NONNULL = YES;
				CLANG_ANALYZER_NUMBER_OBJECT_CONVERSION = YES_AGGRESSIVE;
				CLANG_CXX_LANGUAGE_STANDARD = "gnu++14";
				CLANG_CXX_LIBRARY = "libc++";
				CLANG_ENABLE_MODULES = YES;
				CLANG_ENABLE_OBJC_ARC = YES;
				CLANG_ENABLE_OBJC_WEAK = YES;
				CLANG_WARN_BLOCK_CAPTURE_AUTORELEASING = YES;
				CLANG_WARN_BOOL_CONVERSION = YES;
				CLANG_WARN_COMMA = YES;
				CLANG_WARN_CONSTANT_CONVERSION = YES;
				CLANG_WARN_DEPRECATED_OBJC_IMPLEMENTATIONS = YES;
				CLANG_WARN_DIRECT_OBJC_ISA_USAGE = YES_ERROR;
				CLANG_WARN_DOCUMENTATION_COMMENTS = YES;
				CLANG_WARN_EMPTY_BODY = YES;
				CLANG_WARN_ENUM_CONVERSION = YES;
				CLANG_WARN_INFINITE_RECURSION = YES;
				CLANG_WARN_INT_CONVERSION = YES;
				CLANG_WARN_NON_LITERAL_NULL_CONVERSION = YES;
				CLANG_WARN_OBJC_IMPLICIT_RETAIN_SELF = YES;
				CLANG_WARN_OBJC_LITERAL_CONVERSION = YES;
				CLANG_WARN_OBJC_ROOT_CLASS = YES_ERROR;
				CLANG_WARN_RANGE_LOOP_ANALYSIS = YES;
				CLANG_WARN_STRICT_PROTOTYPES = YES;
				CLANG_WARN_SUSPICIOUS_MOVE = YES;
				CLANG_WARN_UNGUARDED_AVAILABILITY = YES_AGGRESSIVE;
				CLANG_WARN_UNREACHABLE_CODE = YES;
				CLANG_WARN__DUPLICATE_METHOD_MATCH = YES;
				CODE_SIGN_IDENTITY = "iPhone Developer";
				COPY_PHASE_STRIP = NO;
				DEBUG_INFORMATION_FORMAT = "dwarf-with-dsym";
				ENABLE_NS_ASSERTIONS = NO;
				ENABLE_STRICT_OBJC_MSGSEND = YES;
				GCC_C_LANGUAGE_STANDARD = gnu11;
				GCC_NO_COMMON_BLOCKS = YES;
				GCC_WARN_64_TO_32_BIT_CONVERSION = YES;
				GCC_WARN_ABOUT_RETURN_TYPE = YES_ERROR;
				GCC_WARN_UNDECLARED_SELECTOR = YES;
				GCC_WARN_UNINITIALIZED_AUTOS = YES_AGGRESSIVE;
				GCC_WARN_UNUSED_FUNCTION = YES;
				GCC_WARN_UNUSED_VARIABLE = YES;
				IPHONEOS_DEPLOYMENT_TARGET = 11.4;
				MTL_ENABLE_DEBUG_INFO = NO;
				SDKROOT = iphoneos;
				SWIFT_COMPILATION_MODE = wholemodule;
				SWIFT_OPTIMIZATION_LEVEL = "-O";
				VALIDATE_PRODUCT = YES;
			};
			name = Release;
		};
		EA58F0EC212C0A2200D3C8E8 /* Debug */ = {
			isa = XCBuildConfiguration;
			buildSettings = {
				ASSETCATALOG_COMPILER_APPICON_NAME = AppIcon;
				CODE_SIGN_STYLE = Automatic;
				DEVELOPMENT_TEAM = 6UT7M6DT43;
				INFOPLIST_FILE = SwiftAnimations/Info.plist;
				LD_RUNPATH_SEARCH_PATHS = (
					"$(inherited)",
					"@executable_path/Frameworks",
				);
				PRODUCT_BUNDLE_IDENTIFIER = com.anoop.SwiftAnimations;
				PRODUCT_NAME = "$(TARGET_NAME)";
				SWIFT_VERSION = 4.0;
				TARGETED_DEVICE_FAMILY = "1,2";
			};
			name = Debug;
		};
		EA58F0ED212C0A2200D3C8E8 /* Release */ = {
			isa = XCBuildConfiguration;
			buildSettings = {
				ASSETCATALOG_COMPILER_APPICON_NAME = AppIcon;
				CODE_SIGN_STYLE = Automatic;
				DEVELOPMENT_TEAM = 6UT7M6DT43;
				INFOPLIST_FILE = SwiftAnimations/Info.plist;
				LD_RUNPATH_SEARCH_PATHS = (
					"$(inherited)",
					"@executable_path/Frameworks",
				);
				PRODUCT_BUNDLE_IDENTIFIER = com.anoop.SwiftAnimations;
				PRODUCT_NAME = "$(TARGET_NAME)";
				SWIFT_VERSION = 4.0;
				TARGETED_DEVICE_FAMILY = "1,2";
			};
			name = Release;
		};
/* End XCBuildConfiguration section */

/* Begin XCConfigurationList section */
		EA58F0D4212C0A2000D3C8E8 /* Build configuration list for PBXProject "SwiftAnimations" */ = {
			isa = XCConfigurationList;
			buildConfigurations = (
				EA58F0E9212C0A2200D3C8E8 /* Debug */,
				EA58F0EA212C0A2200D3C8E8 /* Release */,
			);
			defaultConfigurationIsVisible = 0;
			defaultConfigurationName = Release;
		};
		EA58F0EB212C0A2200D3C8E8 /* Build configuration list for PBXNativeTarget "SwiftAnimations" */ = {
			isa = XCConfigurationList;
			buildConfigurations = (
				EA58F0EC212C0A2200D3C8E8 /* Debug */,
				EA58F0ED212C0A2200D3C8E8 /* Release */,
			);
			defaultConfigurationIsVisible = 0;
			defaultConfigurationName = Release;
		};
/* End XCConfigurationList section */
	};
	rootObject = EA58F0D1212C0A2000D3C8E8 /* Project object */;
}
